// !$*UTF8*$!
{
	archiveVersion = 1;
	classes = {
	};
	objectVersion = 46;
	objects = {

/* Begin PBXBuildFile section */
		849DCDCD1AFE8B4D00105CBC /* Recorder.h in CopyFiles */ = {isa = PBXBuildFile; fileRef = 849DCDCC1AFE8B4D00105CBC /* Recorder.h */; };
		849DCDCF1AFE8B4D00105CBC /* Recorder.m in Sources */ = {isa = PBXBuildFile; fileRef = 849DCDCE1AFE8B4D00105CBC /* Recorder.m */; };
		849DCDD51AFE8B4D00105CBC /* libRecorder.a in Frameworks */ = {isa = PBXBuildFile; fileRef = 849DCDC91AFE8B4D00105CBC /* libRecorder.a */; };
/* End PBXBuildFile section */

/* Begin PBXContainerItemProxy section */
		849DCDD61AFE8B4D00105CBC /* PBXContainerItemProxy */ = {
			isa = PBXContainerItemProxy;
			containerPortal = 849DCDC11AFE8B4D00105CBC /* Project object */;
			proxyType = 1;
			remoteGlobalIDString = 849DCDC81AFE8B4D00105CBC;
			remoteInfo = Recorder;
		};
/* End PBXContainerItemProxy section */

/* Begin PBXCopyFilesBuildPhase section */
		849DCDC71AFE8B4D00105CBC /* CopyFiles */ = {
			isa = PBXCopyFilesBuildPhase;
			buildActionMask = 2147483647;
			dstPath = "include/$(PRODUCT_NAME)";
			dstSubfolderSpec = 16;
			files = (
				849DCDCD1AFE8B4D00105CBC /* Recorder.h in CopyFiles */,
			);
			runOnlyForDeploymentPostprocessing = 0;
		};
/* End PBXCopyFilesBuildPhase section */

/* Begin PBXFileReference section */
		849DCDC91AFE8B4D00105CBC /* libRecorder.a */ = {isa = PBXFileReference; explicitFileType = archive.ar; includeInIndex = 0; path = libRecorder.a; sourceTree = BUILT_PRODUCTS_DIR; };
		849DCDCC1AFE8B4D00105CBC /* Recorder.h */ = {isa = PBXFileReference; lastKnownFileType = sourcecode.c.h; path = Recorder.h; sourceTree = "<group>"; };
		849DCDCE1AFE8B4D00105CBC /* Recorder.m */ = {isa = PBXFileReference; lastKnownFileType = sourcecode.c.objc; path = Recorder.m; sourceTree = "<group>"; };
		849DCDD41AFE8B4D00105CBC /* RecorderTests.xctest */ = {isa = PBXFileReference; explicitFileType = wrapper.cfbundle; includeInIndex = 0; path = RecorderTests.xctest; sourceTree = BUILT_PRODUCTS_DIR; };
/* End PBXFileReference section */

/* Begin PBXFrameworksBuildPhase section */
		849DCDC61AFE8B4D00105CBC /* Frameworks */ = {
			isa = PBXFrameworksBuildPhase;
			buildActionMask = 2147483647;
			files = (
			);
			runOnlyForDeploymentPostprocessing = 0;
		};
		849DCDD11AFE8B4D00105CBC /* Frameworks */ = {
			isa = PBXFrameworksBuildPhase;
			buildActionMask = 2147483647;
			files = (
				849DCDD51AFE8B4D00105CBC /* libRecorder.a in Frameworks */,
			);
			runOnlyForDeploymentPostprocessing = 0;
		};
/* End PBXFrameworksBuildPhase section */

/* Begin PBXGroup section */
		849DCDC01AFE8B4D00105CBC = {
			isa = PBXGroup;
			children = (
				849DCDCC1AFE8B4D00105CBC /* Recorder.h */,
				849DCDCE1AFE8B4D00105CBC /* Recorder.m */,
				849DCDCA1AFE8B4D00105CBC /* Products */,
			);
			sourceTree = "<group>";
		};
		849DCDCA1AFE8B4D00105CBC /* Products */ = {
			isa = PBXGroup;
			children = (
				849DCDC91AFE8B4D00105CBC /* libRecorder.a */,
				849DCDD41AFE8B4D00105CBC /* RecorderTests.xctest */,
			);
			name = Products;
			sourceTree = "<group>";
		};
/* End PBXGroup section */

/* Begin PBXNativeTarget section */
		849DCDC81AFE8B4D00105CBC /* Recorder */ = {
			isa = PBXNativeTarget;
			buildConfigurationList = 849DCDDD1AFE8B4D00105CBC /* Build configuration list for PBXNativeTarget "Recorder" */;
			buildPhases = (
				849DCDC51AFE8B4D00105CBC /* Sources */,
				849DCDC61AFE8B4D00105CBC /* Frameworks */,
				849DCDC71AFE8B4D00105CBC /* CopyFiles */,
			);
			buildRules = (
			);
			dependencies = (
			);
			name = Recorder;
			productName = Recorder;
			productReference = 849DCDC91AFE8B4D00105CBC /* libRecorder.a */;
			productType = "com.apple.product-type.library.static";
		};
		849DCDD31AFE8B4D00105CBC /* RecorderTests */ = {
			isa = PBXNativeTarget;
			buildConfigurationList = 849DCDE01AFE8B4D00105CBC /* Build configuration list for PBXNativeTarget "RecorderTests" */;
			buildPhases = (
				849DCDD01AFE8B4D00105CBC /* Sources */,
				849DCDD11AFE8B4D00105CBC /* Frameworks */,
				849DCDD21AFE8B4D00105CBC /* Resources */,
			);
			buildRules = (
			);
			dependencies = (
				849DCDD71AFE8B4D00105CBC /* PBXTargetDependency */,
			);
			name = RecorderTests;
			productName = RecorderTests;
			productReference = 849DCDD41AFE8B4D00105CBC /* RecorderTests.xctest */;
			productType = "com.apple.product-type.bundle.unit-test";
		};
/* End PBXNativeTarget section */

/* Begin PBXProject section */
		849DCDC11AFE8B4D00105CBC /* Project object */ = {
			isa = PBXProject;
			attributes = {
				LastUpgradeCheck = 0620;
				ORGANIZATIONNAME = Trapps;
				TargetAttributes = {
					849DCDC81AFE8B4D00105CBC = {
						CreatedOnToolsVersion = 6.2;
					};
					849DCDD31AFE8B4D00105CBC = {
						CreatedOnToolsVersion = 6.2;
					};
				};
			};
			buildConfigurationList = 849DCDC41AFE8B4D00105CBC /* Build configuration list for PBXProject "Recorder" */;
			compatibilityVersion = "Xcode 3.2";
			developmentRegion = English;
			hasScannedForEncodings = 0;
			knownRegions = (
				en,
			);
			mainGroup = 849DCDC01AFE8B4D00105CBC;
			productRefGroup = 849DCDCA1AFE8B4D00105CBC /* Products */;
			projectDirPath = "";
			projectRoot = "";
			targets = (
				849DCDC81AFE8B4D00105CBC /* Recorder */,
				849DCDD31AFE8B4D00105CBC /* RecorderTests */,
			);
		};
/* End PBXProject section */

/* Begin PBXResourcesBuildPhase section */
		849DCDD21AFE8B4D00105CBC /* Resources */ = {
			isa = PBXResourcesBuildPhase;
			buildActionMask = 2147483647;
			files = (
			);
			runOnlyForDeploymentPostprocessing = 0;
		};
/* End PBXResourcesBuildPhase section */

/* Begin PBXSourcesBuildPhase section */
		849DCDC51AFE8B4D00105CBC /* Sources */ = {
			isa = PBXSourcesBuildPhase;
			buildActionMask = 2147483647;
			files = (
				849DCDCF1AFE8B4D00105CBC /* Recorder.m in Sources */,
			);
			runOnlyForDeploymentPostprocessing = 0;
		};
		849DCDD01AFE8B4D00105CBC /* Sources */ = {
			isa = PBXSourcesBuildPhase;
			buildActionMask = 2147483647;
			files = (
			);
			runOnlyForDeploymentPostprocessing = 0;
		};
/* End PBXSourcesBuildPhase section */

/* Begin PBXTargetDependency section */
		849DCDD71AFE8B4D00105CBC /* PBXTargetDependency */ = {
			isa = PBXTargetDependency;
			target = 849DCDC81AFE8B4D00105CBC /* Recorder */;
			targetProxy = 849DCDD61AFE8B4D00105CBC /* PBXContainerItemProxy */;
		};
/* End PBXTargetDependency section */

/* Begin XCBuildConfiguration section */
		849DCDDB1AFE8B4D00105CBC /* Debug */ = {
			isa = XCBuildConfiguration;
			buildSettings = {
				ALWAYS_SEARCH_USER_PATHS = NO;
				CLANG_CXX_LANGUAGE_STANDARD = "gnu++0x";
				CLANG_CXX_LIBRARY = "libc++";
				CLANG_ENABLE_MODULES = YES;
				CLANG_ENABLE_OBJC_ARC = YES;
				CLANG_WARN_BOOL_CONVERSION = YES;
				CLANG_WARN_CONSTANT_CONVERSION = YES;
				CLANG_WARN_DIRECT_OBJC_ISA_USAGE = YES_ERROR;
				CLANG_WARN_EMPTY_BODY = YES;
				CLANG_WARN_ENUM_CONVERSION = YES;
				CLANG_WARN_INT_CONVERSION = YES;
				CLANG_WARN_OBJC_ROOT_CLASS = YES_ERROR;
				CLANG_WARN_UNREACHABLE_CODE = YES;
				CLANG_WARN__DUPLICATE_METHOD_MATCH = YES;
				COPY_PHASE_STRIP = NO;
				ENABLE_STRICT_OBJC_MSGSEND = YES;
				GCC_C_LANGUAGE_STANDARD = gnu99;
				GCC_DYNAMIC_NO_PIC = NO;
				GCC_OPTIMIZATION_LEVEL = 0;
				GCC_PREPROCESSOR_DEFINITIONS = (
					"DEBUG=1",
					"$(inherited)",
				);
				GCC_SYMBOLS_PRIVATE_EXTERN = NO;
				GCC_WARN_64_TO_32_BIT_CONVERSION = YES;
				GCC_WARN_ABOUT_RETURN_TYPE = YES_ERROR;
				GCC_WARN_UNDECLARED_SELECTOR = YES;
				GCC_WARN_UNINITIALIZED_AUTOS = YES_AGGRESSIVE;
				GCC_WARN_UNUSED_FUNCTION = YES;
				GCC_WARN_UNUSED_VARIABLE = YES;
				IPHONEOS_DEPLOYMENT_TARGET = 8.2;
				MTL_ENABLE_DEBUG_INFO = YES;
				ONLY_ACTIVE_ARCH = YES;
				SDKROOT = iphoneos;
			};
			name = Debug;
		};
		849DCDDC1AFE8B4D00105CBC /* Release */ = {
			isa = XCBuildConfiguration;
			buildSettings = {
				ALWAYS_SEARCH_USER_PATHS = NO;
				CLANG_CXX_LANGUAGE_STANDARD = "gnu++0x";
				CLANG_CXX_LIBRARY = "libc++";
				CLANG_ENABLE_MODULES = YES;
				CLANG_ENABLE_OBJC_ARC = YES;
				CLANG_WARN_BOOL_CONVERSION = YES;
				CLANG_WARN_CONSTANT_CONVERSION = YES;
				CLANG_WARN_DIRECT_OBJC_ISA_USAGE = YES_ERROR;
				CLANG_WARN_EMPTY_BODY = YES;
				CLANG_WARN_ENUM_CONVERSION = YES;
				CLANG_WARN_INT_CONVERSION = YES;
				CLANG_WARN_OBJC_ROOT_CLASS = YES_ERROR;
				CLANG_WARN_UNREACHABLE_CODE = YES;
				CLANG_WARN__DUPLICATE_METHOD_MATCH = YES;
				COPY_PHASE_STRIP = NO;
				ENABLE_NS_ASSERTIONS = NO;
				ENABLE_STRICT_OBJC_MSGSEND = YES;
				GCC_C_LANGUAGE_STANDARD = gnu99;
				GCC_WARN_64_TO_32_BIT_CONVERSION = YES;
				GCC_WARN_ABOUT_RETURN_TYPE = YES_ERROR;
				GCC_WARN_UNDECLARED_SELECTOR = YES;
				GCC_WARN_UNINITIALIZED_AUTOS = YES_AGGRESSIVE;
				GCC_WARN_UNUSED_FUNCTION = YES;
				GCC_WARN_UNUSED_VARIABLE = YES;
				IPHONEOS_DEPLOYMENT_TARGET = 8.2;
				MTL_ENABLE_DEBUG_INFO = NO;
				SDKROOT = iphoneos;
				VALIDATE_PRODUCT = YES;
			};
			name = Release;
		};
		849DCDDE1AFE8B4D00105CBC /* Debug */ = {
			isa = XCBuildConfiguration;
			buildSettings = {
				HEADER_SEARCH_PATHS = (
					"$(inherited)",
					/Applications/Xcode.app/Contents/Developer/Toolchains/XcodeDefault.xctoolchain/usr/include,
					"$(SRCROOT)/../../React/**",
					"$(SRCROOT)/../react-native/React/**",
					"$(SRCROOT)/node_modules/react-native/React/**",
				);
				OTHER_LDFLAGS = "-ObjC";
				PRODUCT_NAME = "$(TARGET_NAME)";
				SKIP_INSTALL = YES;
			};
			name = Debug;
		};
		849DCDDF1AFE8B4D00105CBC /* Release */ = {
			isa = XCBuildConfiguration;
			buildSettings = {
				HEADER_SEARCH_PATHS = (
					"$(inherited)",
					/Applications/Xcode.app/Contents/Developer/Toolchains/XcodeDefault.xctoolchain/usr/include,
					"$(SRCROOT)/../../React/**",
					"$(SRCROOT)/../react-native/React/**",
					"$(SRCROOT)/node_modules/react-native/React/**",
				);
				OTHER_LDFLAGS = "-ObjC";
				PRODUCT_NAME = "$(TARGET_NAME)";
				SKIP_INSTALL = YES;
			};
			name = Release;
		};
		849DCDE11AFE8B4D00105CBC /* Debug */ = {
			isa = XCBuildConfiguration;
			buildSettings = {
				FRAMEWORK_SEARCH_PATHS = (
					"$(SDKROOT)/Developer/Library/Frameworks",
					"$(inherited)",
				);
				GCC_PREPROCESSOR_DEFINITIONS = (
					"DEBUG=1",
					"$(inherited)",
				);
				HEADER_SEARCH_PATHS = (
					"$(inherited)",
					/Applications/Xcode.app/Contents/Developer/Toolchains/XcodeDefault.xctoolchain/usr/include,
					"$(SRCROOT)/../../React/**",
					"$(SRCROOT)/../react-native/React/**",
					"$(SRCROOT)/node_modules/react-native/React/**",
				);
				INFOPLIST_FILE = RecorderTests/Info.plist;
				LD_RUNPATH_SEARCH_PATHS = "$(inherited) @executable_path/Frameworks @loader_path/Frameworks";
				PRODUCT_NAME = "$(TARGET_NAME)";
			};
			name = Debug;
		};
		849DCDE21AFE8B4D00105CBC /* Release */ = {
			isa = XCBuildConfiguration;
			buildSettings = {
				FRAMEWORK_SEARCH_PATHS = (
					"$(SDKROOT)/Developer/Library/Frameworks",
					"$(inherited)",
				);
				HEADER_SEARCH_PATHS = (
					"$(inherited)",
					/Applications/Xcode.app/Contents/Developer/Toolchains/XcodeDefault.xctoolchain/usr/include,
					"$(SRCROOT)/../../React/**",
					"$(SRCROOT)/../react-native/React/**",
					"$(SRCROOT)/node_modules/react-native/React/**",
				);
				INFOPLIST_FILE = RecorderTests/Info.plist;
				LD_RUNPATH_SEARCH_PATHS = "$(inherited) @executable_path/Frameworks @loader_path/Frameworks";
				PRODUCT_NAME = "$(TARGET_NAME)";
			};
			name = Release;
		};
/* End XCBuildConfiguration section */

/* Begin XCConfigurationList section */
		849DCDC41AFE8B4D00105CBC /* Build configuration list for PBXProject "Recorder" */ = {
			isa = XCConfigurationList;
			buildConfigurations = (
				849DCDDB1AFE8B4D00105CBC /* Debug */,
				849DCDDC1AFE8B4D00105CBC /* Release */,
			);
			defaultConfigurationIsVisible = 0;
			defaultConfigurationName = Release;
		};
		849DCDDD1AFE8B4D00105CBC /* Build configuration list for PBXNativeTarget "Recorder" */ = {
			isa = XCConfigurationList;
			buildConfigurations = (
				849DCDDE1AFE8B4D00105CBC /* Debug */,
				849DCDDF1AFE8B4D00105CBC /* Release */,
			);
			defaultConfigurationIsVisible = 0;
			defaultConfigurationName = Release;
		};
		849DCDE01AFE8B4D00105CBC /* Build configuration list for PBXNativeTarget "RecorderTests" */ = {
			isa = XCConfigurationList;
			buildConfigurations = (
				849DCDE11AFE8B4D00105CBC /* Debug */,
				849DCDE21AFE8B4D00105CBC /* Release */,
			);
			defaultConfigurationIsVisible = 0;
			defaultConfigurationName = Release;
		};
/* End XCConfigurationList section */
	};
	rootObject = 849DCDC11AFE8B4D00105CBC /* Project object */;
}
